
Microsoft Visual Studio Solution File, Format Version 12.00
# Visual Studio Version 17
VisualStudioVersion = 17.2.32516.85
MinimumVisualStudioVersion = 10.0.40219.1
Project("{FAE04EC0-301F-11D3-BF4B-00C04F79EFBC}") = "Test", "Test.csproj", "{BBC0F133-9312-4E64-BBE8-D957FF4C9B4E}"
EndProject
Project("{FAE04EC0-301F-11D3-BF4B-00C04F79EFBC}") = "IncidenciaService", "..\IssueService\IncidenciaService.csproj", "{3718BCAA-2FB3-4AEC-ACC1-31BD7C4FDEBA}"
EndProject
Project("{FAE04EC0-301F-11D3-BF4B-00C04F79EFBC}") = "Repository", "..\Repository\Repository.csproj", "{F04274BD-4C66-4345-97D5-A42CF42183C5}"
EndProject
Project("{FAE04EC0-301F-11D3-BF4B-00C04F79EFBC}") = "Commons", "..\Commons\Commons.csproj", "{0E8B7EB4-69A2-479F-83DC-C76D16090B28}"
EndProject
Global
	GlobalSection(SolutionConfigurationPlatforms) = preSolution
		Debug|Any CPU = Debug|Any CPU
		Release|Any CPU = Release|Any CPU
	EndGlobalSection
	GlobalSection(ProjectConfigurationPlatforms) = postSolution
		{BBC0F133-9312-4E64-BBE8-D957FF4C9B4E}.Debug|Any CPU.ActiveCfg = Debug|Any CPU
		{BBC0F133-9312-4E64-BBE8-D957FF4C9B4E}.Debug|Any CPU.Build.0 = Debug|Any CPU
		{BBC0F133-9312-4E64-BBE8-D957FF4C9B4E}.Release|Any CPU.ActiveCfg = Release|Any CPU
		{BBC0F133-9312-4E64-BBE8-D957FF4C9B4E}.Release|Any CPU.Build.0 = Release|Any CPU
		{3718BCAA-2FB3-4AEC-ACC1-31BD7C4FDEBA}.Debug|Any CPU.ActiveCfg = Debug|Any CPU
		{3718BCAA-2FB3-4AEC-ACC1-31BD7C4FDEBA}.Debug|Any CPU.Build.0 = Debug|Any CPU
		{3718BCAA-2FB3-4AEC-ACC1-31BD7C4FDEBA}.Release|Any CPU.ActiveCfg = Release|Any CPU
		{3718BCAA-2FB3-4AEC-ACC1-31BD7C4FDEBA}.Release|Any CPU.Build.0 = Release|Any CPU
		{F04274BD-4C66-4345-97D5-A42CF42183C5}.Debug|Any CPU.ActiveCfg = Debug|Any CPU
		{F04274BD-4C66-4345-97D5-A42CF42183C5}.Debug|Any CPU.Build.0 = Debug|Any CPU
		{F04274BD-4C66-4345-97D5-A42CF42183C5}.Release|Any CPU.ActiveCfg = Release|Any CPU
		{F04274BD-4C66-4345-97D5-A42CF42183C5}.Release|Any CPU.Build.0 = Release|Any CPU
		{0E8B7EB4-69A2-479F-83DC-C76D16090B28}.Debug|Any CPU.ActiveCfg = Debug|Any CPU
		{0E8B7EB4-69A2-479F-83DC-C76D16090B28}.Debug|Any CPU.Build.0 = Debug|Any CPU
		{0E8B7EB4-69A2-479F-83DC-C76D16090B28}.Release|Any CPU.ActiveCfg = Release|Any CPU
		{0E8B7EB4-69A2-479F-83DC-C76D16090B28}.Release|Any CPU.Build.0 = Release|Any CPU
	EndGlobalSection
	GlobalSection(SolutionProperties) = preSolution
		HideSolutionNode = FALSE
	EndGlobalSection
	GlobalSection(ExtensibilityGlobals) = postSolution
		SolutionGuid = {82DBD632-41FE-4B78-89A9-4E2757DA62D6}
	EndGlobalSection
EndGlobal
